
Microsoft Visual Studio Solution File, Format Version 12.00
# Visual Studio Version 17
VisualStudioVersion = 17.5.33530.505
MinimumVisualStudioVersion = 10.0.40219.1
Project("{FAE04EC0-301F-11D3-BF4B-00C04F79EFBC}") = "SplashSampleXamarin.Android", "SplashSampleXamarin.Android\SplashSampleXamarin.Android.csproj", "{0D469F72-59B7-4D8C-915B-BFB254D23665}"
EndProject
Project("{FAE04EC0-301F-11D3-BF4B-00C04F79EFBC}") = "SplashSampleXamarin.iOS", "SplashSampleXamarin.iOS\SplashSampleXamarin.iOS.csproj", "{4DD491C3-CCC2-4CF2-9A1D-B2B4FBA0F359}"
EndProject
Project("{FAE04EC0-301F-11D3-BF4B-00C04F79EFBC}") = "SplashSampleXamarin", "SplashSampleXamarin\SplashSampleXamarin.csproj", "{F1F925EA-9E7D-455C-8EBC-8012CFC3778C}"
EndProject
Global
	GlobalSection(SolutionConfigurationPlatforms) = preSolution
		Debug|Any CPU = Debug|Any CPU
		Debug|iPhone = Debug|iPhone
		Debug|iPhoneSimulator = Debug|iPhoneSimulator
		Release|Any CPU = Release|Any CPU
		Release|iPhone = Release|iPhone
		Release|iPhoneSimulator = Release|iPhoneSimulator
	EndGlobalSection
	GlobalSection(ProjectConfigurationPlatforms) = postSolution
		{0D469F72-59B7-4D8C-915B-BFB254D23665}.Debug|Any CPU.ActiveCfg = Debug|Any CPU
		{0D469F72-59B7-4D8C-915B-BFB254D23665}.Debug|Any CPU.Build.0 = Debug|Any CPU
		{0D469F72-59B7-4D8C-915B-BFB254D23665}.Debug|Any CPU.Deploy.0 = Debug|Any CPU
		{0D469F72-59B7-4D8C-915B-BFB254D23665}.Debug|iPhone.ActiveCfg = Debug|Any CPU
		{0D469F72-59B7-4D8C-915B-BFB254D23665}.Debug|iPhone.Build.0 = Debug|Any CPU
		{0D469F72-59B7-4D8C-915B-BFB254D23665}.Debug|iPhone.Deploy.0 = Debug|Any CPU
		{0D469F72-59B7-4D8C-915B-BFB254D23665}.Debug|iPhoneSimulator.ActiveCfg = Debug|Any CPU
		{0D469F72-59B7-4D8C-915B-BFB254D23665}.Debug|iPhoneSimulator.Build.0 = Debug|Any CPU
		{0D469F72-59B7-4D8C-915B-BFB254D23665}.Debug|iPhoneSimulator.Deploy.0 = Debug|Any CPU
		{0D469F72-59B7-4D8C-915B-BFB254D23665}.Release|Any CPU.ActiveCfg = Release|Any CPU
		{0D469F72-59B7-4D8C-915B-BFB254D23665}.Release|Any CPU.Build.0 = Release|Any CPU
		{0D469F72-59B7-4D8C-915B-BFB254D23665}.Release|Any CPU.Deploy.0 = Release|Any CPU
		{0D469F72-59B7-4D8C-915B-BFB254D23665}.Release|iPhone.ActiveCfg = Release|Any CPU
		{0D469F72-59B7-4D8C-915B-BFB254D23665}.Release|iPhone.Build.0 = Release|Any CPU
		{0D469F72-59B7-4D8C-915B-BFB254D23665}.Release|iPhone.Deploy.0 = Release|Any CPU
		{0D469F72-59B7-4D8C-915B-BFB254D23665}.Release|iPhoneSimulator.ActiveCfg = Release|Any CPU
		{0D469F72-59B7-4D8C-915B-BFB254D23665}.Release|iPhoneSimulator.Build.0 = Release|Any CPU
		{0D469F72-59B7-4D8C-915B-BFB254D23665}.Release|iPhoneSimulator.Deploy.0 = Release|Any CPU
		{4DD491C3-CCC2-4CF2-9A1D-B2B4FBA0F359}.Debug|Any CPU.ActiveCfg = Debug|iPhone
		{4DD491C3-CCC2-4CF2-9A1D-B2B4FBA0F359}.Debug|Any CPU.Build.0 = Debug|iPhone
		{4DD491C3-CCC2-4CF2-9A1D-B2B4FBA0F359}.Debug|Any CPU.Deploy.0 = Debug|iPhone
		{4DD491C3-CCC2-4CF2-9A1D-B2B4FBA0F359}.Debug|iPhone.ActiveCfg = Debug|iPhone
		{4DD491C3-CCC2-4CF2-9A1D-B2B4FBA0F359}.Debug|iPhone.Build.0 = Debug|iPhone
		{4DD491C3-CCC2-4CF2-9A1D-B2B4FBA0F359}.Debug|iPhone.Deploy.0 = Debug|iPhone
		{4DD491C3-CCC2-4CF2-9A1D-B2B4FBA0F359}.Debug|iPhoneSimulator.ActiveCfg = Debug|iPhoneSimulator
		{4DD491C3-CCC2-4CF2-9A1D-B2B4FBA0F359}.Debug|iPhoneSimulator.Build.0 = Debug|iPhoneSimulator
		{4DD491C3-CCC2-4CF2-9A1D-B2B4FBA0F359}.Debug|iPhoneSimulator.Deploy.0 = Debug|iPhoneSimulator
		{4DD491C3-CCC2-4CF2-9A1D-B2B4FBA0F359}.Release|Any CPU.ActiveCfg = Release|iPhoneSimulator
		{4DD491C3-CCC2-4CF2-9A1D-B2B4FBA0F359}.Release|Any CPU.Build.0 = Release|iPhoneSimulator
		{4DD491C3-CCC2-4CF2-9A1D-B2B4FBA0F359}.Release|Any CPU.Deploy.0 = Release|iPhoneSimulator
		{4DD491C3-CCC2-4CF2-9A1D-B2B4FBA0F359}.Release|iPhone.ActiveCfg = Release|iPhone
		{4DD491C3-CCC2-4CF2-9A1D-B2B4FBA0F359}.Release|iPhone.Build.0 = Release|iPhone
		{4DD491C3-CCC2-4CF2-9A1D-B2B4FBA0F359}.Release|iPhone.Deploy.0 = Release|iPhone
		{4DD491C3-CCC2-4CF2-9A1D-B2B4FBA0F359}.Release|iPhoneSimulator.ActiveCfg = Release|iPhoneSimulator
		{4DD491C3-CCC2-4CF2-9A1D-B2B4FBA0F359}.Release|iPhoneSimulator.Build.0 = Release|iPhoneSimulator
		{4DD491C3-CCC2-4CF2-9A1D-B2B4FBA0F359}.Release|iPhoneSimulator.Deploy.0 = Release|iPhoneSimulator
		{F1F925EA-9E7D-455C-8EBC-8012CFC3778C}.Debug|Any CPU.ActiveCfg = Debug|Any CPU
		{F1F925EA-9E7D-455C-8EBC-8012CFC3778C}.Debug|Any CPU.Build.0 = Debug|Any CPU
		{F1F925EA-9E7D-455C-8EBC-8012CFC3778C}.Debug|Any CPU.Deploy.0 = Debug|Any CPU
		{F1F925EA-9E7D-455C-8EBC-8012CFC3778C}.Debug|iPhone.ActiveCfg = Debug|Any CPU
		{F1F925EA-9E7D-455C-8EBC-8012CFC3778C}.Debug|iPhone.Build.0 = Debug|Any CPU
		{F1F925EA-9E7D-455C-8EBC-8012CFC3778C}.Debug|iPhone.Deploy.0 = Debug|Any CPU
		{F1F925EA-9E7D-455C-8EBC-8012CFC3778C}.Debug|iPhoneSimulator.ActiveCfg = Debug|Any CPU
		{F1F925EA-9E7D-455C-8EBC-8012CFC3778C}.Debug|iPhoneSimulator.Build.0 = Debug|Any CPU
		{F1F925EA-9E7D-455C-8EBC-8012CFC3778C}.Debug|iPhoneSimulator.Deploy.0 = Debug|Any CPU
		{F1F925EA-9E7D-455C-8EBC-8012CFC3778C}.Release|Any CPU.ActiveCfg = Release|Any CPU
		{F1F925EA-9E7D-455C-8EBC-8012CFC3778C}.Release|Any CPU.Build.0 = Release|Any CPU
		{F1F925EA-9E7D-455C-8EBC-8012CFC3778C}.Release|Any CPU.Deploy.0 = Release|Any CPU
		{F1F925EA-9E7D-455C-8EBC-8012CFC3778C}.Release|iPhone.ActiveCfg = Release|Any CPU
		{F1F925EA-9E7D-455C-8EBC-8012CFC3778C}.Release|iPhone.Build.0 = Release|Any CPU
		{F1F925EA-9E7D-455C-8EBC-8012CFC3778C}.Release|iPhone.Deploy.0 = Release|Any CPU
		{F1F925EA-9E7D-455C-8EBC-8012CFC3778C}.Release|iPhoneSimulator.ActiveCfg = Release|Any CPU
		{F1F925EA-9E7D-455C-8EBC-8012CFC3778C}.Release|iPhoneSimulator.Build.0 = Release|Any CPU
		{F1F925EA-9E7D-455C-8EBC-8012CFC3778C}.Release|iPhoneSimulator.Deploy.0 = Release|Any CPU
	EndGlobalSection
	GlobalSection(SolutionProperties) = preSolution
		HideSolutionNode = FALSE
	EndGlobalSection
	GlobalSection(ExtensibilityGlobals) = postSolution
		SolutionGuid = {70494E87-590A-4B07-BE27-1AA944C971AC}
	EndGlobalSection
EndGlobal
